// !$*UTF8*$!
{
	archiveVersion = 1;
	classes = {
	};
	objectVersion = 55;
	objects = {

/* Begin PBXBuildFile section */
		535D8868885C2A7DDDCF0A62 /* Pods_ChatSolutionSample.framework in Frameworks */ = {isa = PBXBuildFile; fileRef = E410BD1A5328A96E9BF149D9 /* Pods_ChatSolutionSample.framework */; };
		631272E929BB115900CC1B0F /* AppDelegate.swift in Sources */ = {isa = PBXBuildFile; fileRef = 631272E829BB115900CC1B0F /* AppDelegate.swift */; };
		631272EB29BB115900CC1B0F /* SceneDelegate.swift in Sources */ = {isa = PBXBuildFile; fileRef = 631272EA29BB115900CC1B0F /* SceneDelegate.swift */; };
		631272ED29BB115900CC1B0F /* ViewController.swift in Sources */ = {isa = PBXBuildFile; fileRef = 631272EC29BB115900CC1B0F /* ViewController.swift */; };
		631272F029BB115900CC1B0F /* Main.storyboard in Resources */ = {isa = PBXBuildFile; fileRef = 631272EE29BB115900CC1B0F /* Main.storyboard */; };
		631272F329BB115900CC1B0F /* ChatSolutionSample.xcdatamodeld in Sources */ = {isa = PBXBuildFile; fileRef = 631272F129BB115900CC1B0F /* ChatSolutionSample.xcdatamodeld */; };
		631272F529BB115A00CC1B0F /* Assets.xcassets in Resources */ = {isa = PBXBuildFile; fileRef = 631272F429BB115A00CC1B0F /* Assets.xcassets */; };
		631272F829BB115A00CC1B0F /* LaunchScreen.storyboard in Resources */ = {isa = PBXBuildFile; fileRef = 631272F629BB115A00CC1B0F /* LaunchScreen.storyboard */; };
		6312731B29BB143B00CC1B0F /* SampleChannelRowCell.swift in Sources */ = {isa = PBXBuildFile; fileRef = 6312731229BB143B00CC1B0F /* SampleChannelRowCell.swift */; };
		6312731C29BB143B00CC1B0F /* Custom.swift in Sources */ = {isa = PBXBuildFile; fileRef = 6312731429BB143B00CC1B0F /* Custom.swift */; };
		6312731D29BB143B00CC1B0F /* Extension.swift in Sources */ = {isa = PBXBuildFile; fileRef = 6312731529BB143B00CC1B0F /* Extension.swift */; };
		6312731E29BB143B00CC1B0F /* SampleAlertViewController.swift in Sources */ = {isa = PBXBuildFile; fileRef = 6312731729BB143B00CC1B0F /* SampleAlertViewController.swift */; };
		6312731F29BB143B00CC1B0F /* StatusbarNavigationController.swift in Sources */ = {isa = PBXBuildFile; fileRef = 6312731829BB143B00CC1B0F /* StatusbarNavigationController.swift */; };
		6312732029BB143B00CC1B0F /* SampleLoginViewController.swift in Sources */ = {isa = PBXBuildFile; fileRef = 6312731929BB143B00CC1B0F /* SampleLoginViewController.swift */; };
		6312732129BB143B00CC1B0F /* SampleSelectChannelViewController.swift in Sources */ = {isa = PBXBuildFile; fileRef = 6312731A29BB143B00CC1B0F /* SampleSelectChannelViewController.swift */; };
		6312732429BB147B00CC1B0F /* Localizable.strings in Resources */ = {isa = PBXBuildFile; fileRef = 6312732629BB147B00CC1B0F /* Localizable.strings */; };
/* End PBXBuildFile section */

/* Begin PBXFileReference section */
		631272E529BB115900CC1B0F /* ChatSolutionSample.app */ = {isa = PBXFileReference; explicitFileType = wrapper.application; includeInIndex = 0; path = ChatSolutionSample.app; sourceTree = BUILT_PRODUCTS_DIR; };
		631272E829BB115900CC1B0F /* AppDelegate.swift */ = {isa = PBXFileReference; lastKnownFileType = sourcecode.swift; path = AppDelegate.swift; sourceTree = "<group>"; };
		631272EA29BB115900CC1B0F /* SceneDelegate.swift */ = {isa = PBXFileReference; lastKnownFileType = sourcecode.swift; path = SceneDelegate.swift; sourceTree = "<group>"; };
		631272EC29BB115900CC1B0F /* ViewController.swift */ = {isa = PBXFileReference; lastKnownFileType = sourcecode.swift; path = ViewController.swift; sourceTree = "<group>"; };
		631272EF29BB115900CC1B0F /* Base */ = {isa = PBXFileReference; lastKnownFileType = file.storyboard; name = Base; path = Base.lproj/Main.storyboard; sourceTree = "<group>"; };
		631272F229BB115900CC1B0F /* ChatSolutionSample.xcdatamodel */ = {isa = PBXFileReference; lastKnownFileType = wrapper.xcdatamodel; path = ChatSolutionSample.xcdatamodel; sourceTree = "<group>"; };
		631272F429BB115A00CC1B0F /* Assets.xcassets */ = {isa = PBXFileReference; lastKnownFileType = folder.assetcatalog; path = Assets.xcassets; sourceTree = "<group>"; };
		631272F729BB115A00CC1B0F /* Base */ = {isa = PBXFileReference; lastKnownFileType = file.storyboard; name = Base; path = Base.lproj/LaunchScreen.storyboard; sourceTree = "<group>"; };
		631272F929BB115A00CC1B0F /* Info.plist */ = {isa = PBXFileReference; lastKnownFileType = text.plist.xml; path = Info.plist; sourceTree = "<group>"; };
		6312731229BB143B00CC1B0F /* SampleChannelRowCell.swift */ = {isa = PBXFileReference; fileEncoding = 4; lastKnownFileType = sourcecode.swift; path = SampleChannelRowCell.swift; sourceTree = "<group>"; };
		6312731429BB143B00CC1B0F /* Custom.swift */ = {isa = PBXFileReference; fileEncoding = 4; lastKnownFileType = sourcecode.swift; path = Custom.swift; sourceTree = "<group>"; };
		6312731529BB143B00CC1B0F /* Extension.swift */ = {isa = PBXFileReference; fileEncoding = 4; lastKnownFileType = sourcecode.swift; path = Extension.swift; sourceTree = "<group>"; };
		6312731729BB143B00CC1B0F /* SampleAlertViewController.swift */ = {isa = PBXFileReference; fileEncoding = 4; lastKnownFileType = sourcecode.swift; path = SampleAlertViewController.swift; sourceTree = "<group>"; };
		6312731829BB143B00CC1B0F /* StatusbarNavigationController.swift */ = {isa = PBXFileReference; fileEncoding = 4; lastKnownFileType = sourcecode.swift; path = StatusbarNavigationController.swift; sourceTree = "<group>"; };
		6312731929BB143B00CC1B0F /* SampleLoginViewController.swift */ = {isa = PBXFileReference; fileEncoding = 4; lastKnownFileType = sourcecode.swift; path = SampleLoginViewController.swift; sourceTree = "<group>"; };
		6312731A29BB143B00CC1B0F /* SampleSelectChannelViewController.swift */ = {isa = PBXFileReference; fileEncoding = 4; lastKnownFileType = sourcecode.swift; path = SampleSelectChannelViewController.swift; sourceTree = "<group>"; };
		6312732529BB147B00CC1B0F /* en */ = {isa = PBXFileReference; lastKnownFileType = text.plist.strings; name = en; path = en.lproj/Localizable.strings; sourceTree = "<group>"; };
		6312732729BB148500CC1B0F /* ko */ = {isa = PBXFileReference; lastKnownFileType = text.plist.strings; name = ko; path = ko.lproj/Localizable.strings; sourceTree = "<group>"; };
		8117C1A772DAE87ED01CC7C4 /* Pods-ChatSolutionSample.release.xcconfig */ = {isa = PBXFileReference; includeInIndex = 1; lastKnownFileType = text.xcconfig; name = "Pods-ChatSolutionSample.release.xcconfig"; path = "Target Support Files/Pods-ChatSolutionSample/Pods-ChatSolutionSample.release.xcconfig"; sourceTree = "<group>"; };
		882AFA4AAD8BCAE22DBFAD1D /* Pods-ChatSolutionSample.debug.xcconfig */ = {isa = PBXFileReference; includeInIndex = 1; lastKnownFileType = text.xcconfig; name = "Pods-ChatSolutionSample.debug.xcconfig"; path = "Target Support Files/Pods-ChatSolutionSample/Pods-ChatSolutionSample.debug.xcconfig"; sourceTree = "<group>"; };
		E410BD1A5328A96E9BF149D9 /* Pods_ChatSolutionSample.framework */ = {isa = PBXFileReference; explicitFileType = wrapper.framework; includeInIndex = 0; path = Pods_ChatSolutionSample.framework; sourceTree = BUILT_PRODUCTS_DIR; };
/* End PBXFileReference section */

/* Begin PBXFrameworksBuildPhase section */
		631272E229BB115900CC1B0F /* Frameworks */ = {
			isa = PBXFrameworksBuildPhase;
			buildActionMask = 2147483647;
			files = (
				535D8868885C2A7DDDCF0A62 /* Pods_ChatSolutionSample.framework in Frameworks */,
			);
			runOnlyForDeploymentPostprocessing = 0;
		};
/* End PBXFrameworksBuildPhase section */

/* Begin PBXGroup section */
		631272DC29BB115900CC1B0F = {
			isa = PBXGroup;
			children = (
				631272E729BB115900CC1B0F /* ChatSolutionSample */,
				631272E629BB115900CC1B0F /* Products */,
				A7612061BB12DD196CE6D81D /* Pods */,
				F51F4F6F33AA6F368F86401B /* Frameworks */,
			);
			sourceTree = "<group>";
		};
		631272E629BB115900CC1B0F /* Products */ = {
			isa = PBXGroup;
			children = (
				631272E529BB115900CC1B0F /* ChatSolutionSample.app */,
			);
			name = Products;
			sourceTree = "<group>";
		};
		631272E729BB115900CC1B0F /* ChatSolutionSample */ = {
			isa = PBXGroup;
			children = (
				6312732629BB147B00CC1B0F /* Localizable.strings */,
				631272FF29BB13BB00CC1B0F /* Sources */,
				631272E829BB115900CC1B0F /* AppDelegate.swift */,
				631272EA29BB115900CC1B0F /* SceneDelegate.swift */,
				631272EC29BB115900CC1B0F /* ViewController.swift */,
				631272EE29BB115900CC1B0F /* Main.storyboard */,
				631272F429BB115A00CC1B0F /* Assets.xcassets */,
				631272F629BB115A00CC1B0F /* LaunchScreen.storyboard */,
				631272F929BB115A00CC1B0F /* Info.plist */,
				631272F129BB115900CC1B0F /* ChatSolutionSample.xcdatamodeld */,
			);
			path = ChatSolutionSample;
			sourceTree = "<group>";
		};
		631272FF29BB13BB00CC1B0F /* Sources */ = {
			isa = PBXGroup;
			children = (
				6312731329BB143B00CC1B0F /* Util */,
				6312731129BB143B00CC1B0F /* View */,
				6312731629BB143B00CC1B0F /* ViewController */,
			);
			path = Sources;
			sourceTree = "<group>";
		};
		6312731129BB143B00CC1B0F /* View */ = {
			isa = PBXGroup;
			children = (
				6312731229BB143B00CC1B0F /* SampleChannelRowCell.swift */,
			);
			path = View;
			sourceTree = "<group>";
		};
		6312731329BB143B00CC1B0F /* Util */ = {
			isa = PBXGroup;
			children = (
				6312731429BB143B00CC1B0F /* Custom.swift */,
				6312731529BB143B00CC1B0F /* Extension.swift */,
			);
			path = Util;
			sourceTree = "<group>";
		};
		6312731629BB143B00CC1B0F /* ViewController */ = {
			isa = PBXGroup;
			children = (
				6312731729BB143B00CC1B0F /* SampleAlertViewController.swift */,
				6312731829BB143B00CC1B0F /* StatusbarNavigationController.swift */,
				6312731929BB143B00CC1B0F /* SampleLoginViewController.swift */,
				6312731A29BB143B00CC1B0F /* SampleSelectChannelViewController.swift */,
			);
			path = ViewController;
			sourceTree = "<group>";
		};
		A7612061BB12DD196CE6D81D /* Pods */ = {
			isa = PBXGroup;
			children = (
				882AFA4AAD8BCAE22DBFAD1D /* Pods-ChatSolutionSample.debug.xcconfig */,
				8117C1A772DAE87ED01CC7C4 /* Pods-ChatSolutionSample.release.xcconfig */,
			);
			path = Pods;
			sourceTree = "<group>";
		};
		F51F4F6F33AA6F368F86401B /* Frameworks */ = {
			isa = PBXGroup;
			children = (
				E410BD1A5328A96E9BF149D9 /* Pods_ChatSolutionSample.framework */,
			);
			name = Frameworks;
			sourceTree = "<group>";
		};
/* End PBXGroup section */

/* Begin PBXNativeTarget section */
		631272E429BB115900CC1B0F /* ChatSolutionSample */ = {
			isa = PBXNativeTarget;
			buildConfigurationList = 631272FC29BB115A00CC1B0F /* Build configuration list for PBXNativeTarget "ChatSolutionSample" */;
			buildPhases = (
				F20D8D0CC1CB01B6F9D45229 /* [CP] Check Pods Manifest.lock */,
				631272E129BB115900CC1B0F /* Sources */,
				631272E229BB115900CC1B0F /* Frameworks */,
				631272E329BB115900CC1B0F /* Resources */,
				398FF871BB1E310FFE4D2DCD /* [CP] Embed Pods Frameworks */,
			);
			buildRules = (
			);
			dependencies = (
			);
			name = ChatSolutionSample;
			productName = ChatSolutionSample;
			productReference = 631272E529BB115900CC1B0F /* ChatSolutionSample.app */;
			productType = "com.apple.product-type.application";
		};
/* End PBXNativeTarget section */

/* Begin PBXProject section */
		631272DD29BB115900CC1B0F /* Project object */ = {
			isa = PBXProject;
			attributes = {
				BuildIndependentTargetsInParallel = 1;
				LastSwiftUpdateCheck = 1410;
				LastUpgradeCheck = 1410;
				TargetAttributes = {
					631272E429BB115900CC1B0F = {
						CreatedOnToolsVersion = 14.1;
					};
				};
			};
			buildConfigurationList = 631272E029BB115900CC1B0F /* Build configuration list for PBXProject "ChatSolutionSample" */;
			compatibilityVersion = "Xcode 13.0";
			developmentRegion = en;
			hasScannedForEncodings = 0;
			knownRegions = (
				en,
				Base,
				ko,
			);
			mainGroup = 631272DC29BB115900CC1B0F;
			productRefGroup = 631272E629BB115900CC1B0F /* Products */;
			projectDirPath = "";
			projectRoot = "";
			targets = (
				631272E429BB115900CC1B0F /* ChatSolutionSample */,
			);
		};
/* End PBXProject section */

/* Begin PBXResourcesBuildPhase section */
		631272E329BB115900CC1B0F /* Resources */ = {
			isa = PBXResourcesBuildPhase;
			buildActionMask = 2147483647;
			files = (
				631272F829BB115A00CC1B0F /* LaunchScreen.storyboard in Resources */,
				6312732429BB147B00CC1B0F /* Localizable.strings in Resources */,
				631272F529BB115A00CC1B0F /* Assets.xcassets in Resources */,
				631272F029BB115900CC1B0F /* Main.storyboard in Resources */,
			);
			runOnlyForDeploymentPostprocessing = 0;
		};
/* End PBXResourcesBuildPhase section */

/* Begin PBXShellScriptBuildPhase section */
		398FF871BB1E310FFE4D2DCD /* [CP] Embed Pods Frameworks */ = {
			isa = PBXShellScriptBuildPhase;
			buildActionMask = 2147483647;
			files = (
			);
			inputFileListPaths = (
				"${PODS_ROOT}/Target Support Files/Pods-ChatSolutionSample/Pods-ChatSolutionSample-frameworks-${CONFIGURATION}-input-files.xcfilelist",
			);
			name = "[CP] Embed Pods Frameworks";
			outputFileListPaths = (
				"${PODS_ROOT}/Target Support Files/Pods-ChatSolutionSample/Pods-ChatSolutionSample-frameworks-${CONFIGURATION}-output-files.xcfilelist",
			);
			runOnlyForDeploymentPostprocessing = 0;
			shellPath = /bin/sh;
			shellScript = "\"${PODS_ROOT}/Target Support Files/Pods-ChatSolutionSample/Pods-ChatSolutionSample-frameworks.sh\"\n";
			showEnvVarsInLog = 0;
		};
		F20D8D0CC1CB01B6F9D45229 /* [CP] Check Pods Manifest.lock */ = {
			isa = PBXShellScriptBuildPhase;
			buildActionMask = 2147483647;
			files = (
			);
			inputFileListPaths = (
			);
			inputPaths = (
				"${PODS_PODFILE_DIR_PATH}/Podfile.lock",
				"${PODS_ROOT}/Manifest.lock",
			);
			name = "[CP] Check Pods Manifest.lock";
			outputFileListPaths = (
			);
			outputPaths = (
				"$(DERIVED_FILE_DIR)/Pods-ChatSolutionSample-checkManifestLockResult.txt",
			);
			runOnlyForDeploymentPostprocessing = 0;
			shellPath = /bin/sh;
			shellScript = "diff \"${PODS_PODFILE_DIR_PATH}/Podfile.lock\" \"${PODS_ROOT}/Manifest.lock\" > /dev/null\nif [ $? != 0 ] ; then\n    # print error to STDERR\n    echo \"error: The sandbox is not in sync with the Podfile.lock. Run 'pod install' or update your CocoaPods installation.\" >&2\n    exit 1\nfi\n# This output is used by Xcode 'outputs' to avoid re-running this script phase.\necho \"SUCCESS\" > \"${SCRIPT_OUTPUT_FILE_0}\"\n";
			showEnvVarsInLog = 0;
		};
/* End PBXShellScriptBuildPhase section */

/* Begin PBXSourcesBuildPhase section */
		631272E129BB115900CC1B0F /* Sources */ = {
			isa = PBXSourcesBuildPhase;
			buildActionMask = 2147483647;
			files = (
				6312731F29BB143B00CC1B0F /* StatusbarNavigationController.swift in Sources */,
				6312731B29BB143B00CC1B0F /* SampleChannelRowCell.swift in Sources */,
				631272ED29BB115900CC1B0F /* ViewController.swift in Sources */,
				6312731D29BB143B00CC1B0F /* Extension.swift in Sources */,
				6312731E29BB143B00CC1B0F /* SampleAlertViewController.swift in Sources */,
				6312731C29BB143B00CC1B0F /* Custom.swift in Sources */,
				631272E929BB115900CC1B0F /* AppDelegate.swift in Sources */,
				6312732129BB143B00CC1B0F /* SampleSelectChannelViewController.swift in Sources */,
				631272F329BB115900CC1B0F /* ChatSolutionSample.xcdatamodeld in Sources */,
				6312732029BB143B00CC1B0F /* SampleLoginViewController.swift in Sources */,
				631272EB29BB115900CC1B0F /* SceneDelegate.swift in Sources */,
			);
			runOnlyForDeploymentPostprocessing = 0;
		};
/* End PBXSourcesBuildPhase section */

/* Begin PBXVariantGroup section */
		631272EE29BB115900CC1B0F /* Main.storyboard */ = {
			isa = PBXVariantGroup;
			children = (
				631272EF29BB115900CC1B0F /* Base */,
			);
			name = Main.storyboard;
			sourceTree = "<group>";
		};
		631272F629BB115A00CC1B0F /* LaunchScreen.storyboard */ = {
			isa = PBXVariantGroup;
			children = (
				631272F729BB115A00CC1B0F /* Base */,
			);
			name = LaunchScreen.storyboard;
			sourceTree = "<group>";
		};
		6312732629BB147B00CC1B0F /* Localizable.strings */ = {
			isa = PBXVariantGroup;
			children = (
				6312732529BB147B00CC1B0F /* en */,
				6312732729BB148500CC1B0F /* ko */,
			);
			name = Localizable.strings;
			sourceTree = "<group>";
		};
/* End PBXVariantGroup section */

/* Begin XCBuildConfiguration section */
		631272FA29BB115A00CC1B0F /* Debug */ = {
			isa = XCBuildConfiguration;
			buildSettings = {
				ALWAYS_SEARCH_USER_PATHS = NO;
				CLANG_ANALYZER_LOCALIZABILITY_NONLOCALIZED = YES;
				CLANG_ANALYZER_NONNULL = YES;
				CLANG_ANALYZER_NUMBER_OBJECT_CONVERSION = YES_AGGRESSIVE;
				CLANG_CXX_LANGUAGE_STANDARD = "gnu++20";
				CLANG_ENABLE_MODULES = YES;
				CLANG_ENABLE_OBJC_ARC = YES;
				CLANG_ENABLE_OBJC_WEAK = YES;
				CLANG_WARN_BLOCK_CAPTURE_AUTORELEASING = YES;
				CLANG_WARN_BOOL_CONVERSION = YES;
				CLANG_WARN_COMMA = YES;
				CLANG_WARN_CONSTANT_CONVERSION = YES;
				CLANG_WARN_DEPRECATED_OBJC_IMPLEMENTATIONS = YES;
				CLANG_WARN_DIRECT_OBJC_ISA_USAGE = YES_ERROR;
				CLANG_WARN_DOCUMENTATION_COMMENTS = YES;
				CLANG_WARN_EMPTY_BODY = YES;
				CLANG_WARN_ENUM_CONVERSION = YES;
				CLANG_WARN_INFINITE_RECURSION = YES;
				CLANG_WARN_INT_CONVERSION = YES;
				CLANG_WARN_NON_LITERAL_NULL_CONVERSION = YES;
				CLANG_WARN_OBJC_IMPLICIT_RETAIN_SELF = YES;
				CLANG_WARN_OBJC_LITERAL_CONVERSION = YES;
				CLANG_WARN_OBJC_ROOT_CLASS = YES_ERROR;
				CLANG_WARN_QUOTED_INCLUDE_IN_FRAMEWORK_HEADER = YES;
				CLANG_WARN_RANGE_LOOP_ANALYSIS = YES;
				CLANG_WARN_STRICT_PROTOTYPES = YES;
				CLANG_WARN_SUSPICIOUS_MOVE = YES;
				CLANG_WARN_UNGUARDED_AVAILABILITY = YES_AGGRESSIVE;
				CLANG_WARN_UNREACHABLE_CODE = YES;
				CLANG_WARN__DUPLICATE_METHOD_MATCH = YES;
				COPY_PHASE_STRIP = NO;
				DEBUG_INFORMATION_FORMAT = dwarf;
				ENABLE_STRICT_OBJC_MSGSEND = YES;
				ENABLE_TESTABILITY = YES;
				GCC_C_LANGUAGE_STANDARD = gnu11;
				GCC_DYNAMIC_NO_PIC = NO;
				GCC_NO_COMMON_BLOCKS = YES;
				GCC_OPTIMIZATION_LEVEL = 0;
				GCC_PREPROCESSOR_DEFINITIONS = (
					"DEBUG=1",
					"$(inherited)",
				);
				GCC_WARN_64_TO_32_BIT_CONVERSION = YES;
				GCC_WARN_ABOUT_RETURN_TYPE = YES_ERROR;
				GCC_WARN_UNDECLARED_SELECTOR = YES;
				GCC_WARN_UNINITIALIZED_AUTOS = YES_AGGRESSIVE;
				GCC_WARN_UNUSED_FUNCTION = YES;
				GCC_WARN_UNUSED_VARIABLE = YES;
				IPHONEOS_DEPLOYMENT_TARGET = 16.1;
				MTL_ENABLE_DEBUG_INFO = INCLUDE_SOURCE;
				MTL_FAST_MATH = YES;
				ONLY_ACTIVE_ARCH = YES;
				SDKROOT = iphoneos;
				SWIFT_ACTIVE_COMPILATION_CONDITIONS = DEBUG;
				SWIFT_OPTIMIZATION_LEVEL = "-Onone";
			};
			name = Debug;
		};
		631272FB29BB115A00CC1B0F /* Release */ = {
			isa = XCBuildConfiguration;
			buildSettings = {
				ALWAYS_SEARCH_USER_PATHS = NO;
				CLANG_ANALYZER_LOCALIZABILITY_NONLOCALIZED = YES;
				CLANG_ANALYZER_NONNULL = YES;
				CLANG_ANALYZER_NUMBER_OBJECT_CONVERSION = YES_AGGRESSIVE;
				CLANG_CXX_LANGUAGE_STANDARD = "gnu++20";
				CLANG_ENABLE_MODULES = YES;
				CLANG_ENABLE_OBJC_ARC = YES;
				CLANG_ENABLE_OBJC_WEAK = YES;
				CLANG_WARN_BLOCK_CAPTURE_AUTORELEASING = YES;
				CLANG_WARN_BOOL_CONVERSION = YES;
				CLANG_WARN_COMMA = YES;
				CLANG_WARN_CONSTANT_CONVERSION = YES;
				CLANG_WARN_DEPRECATED_OBJC_IMPLEMENTATIONS = YES;
				CLANG_WARN_DIRECT_OBJC_ISA_USAGE = YES_ERROR;
				CLANG_WARN_DOCUMENTATION_COMMENTS = YES;
				CLANG_WARN_EMPTY_BODY = YES;
				CLANG_WARN_ENUM_CONVERSION = YES;
				CLANG_WARN_INFINITE_RECURSION = YES;
				CLANG_WARN_INT_CONVERSION = YES;
				CLANG_WARN_NON_LITERAL_NULL_CONVERSION = YES;
				CLANG_WARN_OBJC_IMPLICIT_RETAIN_SELF = YES;
				CLANG_WARN_OBJC_LITERAL_CONVERSION = YES;
				CLANG_WARN_OBJC_ROOT_CLASS = YES_ERROR;
				CLANG_WARN_QUOTED_INCLUDE_IN_FRAMEWORK_HEADER = YES;
				CLANG_WARN_RANGE_LOOP_ANALYSIS = YES;
				CLANG_WARN_STRICT_PROTOTYPES = YES;
				CLANG_WARN_SUSPICIOUS_MOVE = YES;
				CLANG_WARN_UNGUARDED_AVAILABILITY = YES_AGGRESSIVE;
				CLANG_WARN_UNREACHABLE_CODE = YES;
				CLANG_WARN__DUPLICATE_METHOD_MATCH = YES;
				COPY_PHASE_STRIP = NO;
				DEBUG_INFORMATION_FORMAT = "dwarf-with-dsym";
				ENABLE_NS_ASSERTIONS = NO;
				ENABLE_STRICT_OBJC_MSGSEND = YES;
				GCC_C_LANGUAGE_STANDARD = gnu11;
				GCC_NO_COMMON_BLOCKS = YES;
				GCC_WARN_64_TO_32_BIT_CONVERSION = YES;
				GCC_WARN_ABOUT_RETURN_TYPE = YES_ERROR;
				GCC_WARN_UNDECLARED_SELECTOR = YES;
				GCC_WARN_UNINITIALIZED_AUTOS = YES_AGGRESSIVE;
				GCC_WARN_UNUSED_FUNCTION = YES;
				GCC_WARN_UNUSED_VARIABLE = YES;
				IPHONEOS_DEPLOYMENT_TARGET = 16.1;
				MTL_ENABLE_DEBUG_INFO = NO;
				MTL_FAST_MATH = YES;
				SDKROOT = iphoneos;
				SWIFT_COMPILATION_MODE = wholemodule;
				SWIFT_OPTIMIZATION_LEVEL = "-O";
				VALIDATE_PRODUCT = YES;
			};
			name = Release;
		};
		631272FD29BB115A00CC1B0F /* Debug */ = {
			isa = XCBuildConfiguration;
			baseConfigurationReference = 882AFA4AAD8BCAE22DBFAD1D /* Pods-ChatSolutionSample.debug.xcconfig */;
			buildSettings = {
				ASSETCATALOG_COMPILER_APPICON_NAME = AppIcon;
				ASSETCATALOG_COMPILER_GLOBAL_ACCENT_COLOR_NAME = AccentColor;
				CODE_SIGN_STYLE = Automatic;
				CURRENT_PROJECT_VERSION = 1;
				DEVELOPMENT_TEAM = WUJYGXMMD4;
				GENERATE_INFOPLIST_FILE = YES;
				INFOPLIST_FILE = ChatSolutionSample/Info.plist;
				INFOPLIST_KEY_UIApplicationSupportsIndirectInputEvents = YES;
				INFOPLIST_KEY_UILaunchStoryboardName = LaunchScreen;
				INFOPLIST_KEY_UIMainStoryboardFile = Main;
				INFOPLIST_KEY_UISupportedInterfaceOrientations_iPad = "UIInterfaceOrientationPortrait UIInterfaceOrientationPortraitUpsideDown UIInterfaceOrientationLandscapeLeft UIInterfaceOrientationLandscapeRight";
				INFOPLIST_KEY_UISupportedInterfaceOrientations_iPhone = "UIInterfaceOrientationPortrait UIInterfaceOrientationLandscapeLeft UIInterfaceOrientationLandscapeRight";
				IPHONEOS_DEPLOYMENT_TARGET = 16.0;
				LD_RUNPATH_SEARCH_PATHS = (
					"$(inherited)",
					"@executable_path/Frameworks",
				);
				MARKETING_VERSION = 1.0;
				PRODUCT_BUNDLE_IDENTIFIER = com.coinlive.ChatSolutionSample;
				PRODUCT_NAME = "$(TARGET_NAME)";
				SWIFT_EMIT_LOC_STRINGS = YES;
				SWIFT_VERSION = 5.0;
				TARGETED_DEVICE_FAMILY = "1,2";
			};
			name = Debug;
		};
		631272FE29BB115A00CC1B0F /* Release */ = {
			isa = XCBuildConfiguration;
			baseConfigurationReference = 8117C1A772DAE87ED01CC7C4 /* Pods-ChatSolutionSample.release.xcconfig */;
			buildSettings = {
				ASSETCATALOG_COMPILER_APPICON_NAME = AppIcon;
				ASSETCATALOG_COMPILER_GLOBAL_ACCENT_COLOR_NAME = AccentColor;
				CODE_SIGN_STYLE = Automatic;
				CURRENT_PROJECT_VERSION = 1;
				DEVELOPMENT_TEAM = WUJYGXMMD4;
				GENERATE_INFOPLIST_FILE = YES;
				INFOPLIST_FILE = ChatSolutionSample/Info.plist;
				INFOPLIST_KEY_UIApplicationSupportsIndirectInputEvents = YES;
				INFOPLIST_KEY_UILaunchStoryboardName = LaunchScreen;
				INFOPLIST_KEY_UIMainStoryboardFile = Main;
				INFOPLIST_KEY_UISupportedInterfaceOrientations_iPad = "UIInterfaceOrientationPortrait UIInterfaceOrientationPortraitUpsideDown UIInterfaceOrientationLandscapeLeft UIInterfaceOrientationLandscapeRight";
				INFOPLIST_KEY_UISupportedInterfaceOrientations_iPhone = "UIInterfaceOrientationPortrait UIInterfaceOrientationLandscapeLeft UIInterfaceOrientationLandscapeRight";
				IPHONEOS_DEPLOYMENT_TARGET = 16.0;
				LD_RUNPATH_SEARCH_PATHS = (
					"$(inherited)",
					"@executable_path/Frameworks",
				);
				MARKETING_VERSION = 1.0;
				PRODUCT_BUNDLE_IDENTIFIER = com.coinlive.ChatSolutionSample;
				PRODUCT_NAME = "$(TARGET_NAME)";
				SWIFT_EMIT_LOC_STRINGS = YES;
				SWIFT_VERSION = 5.0;
				TARGETED_DEVICE_FAMILY = "1,2";
			};
			name = Release;
		};
/* End XCBuildConfiguration section */

/* Begin XCConfigurationList section */
		631272E029BB115900CC1B0F /* Build configuration list for PBXProject "ChatSolutionSample" */ = {
			isa = XCConfigurationList;
			buildConfigurations = (
				631272FA29BB115A00CC1B0F /* Debug */,
				631272FB29BB115A00CC1B0F /* Release */,
			);
			defaultConfigurationIsVisible = 0;
			defaultConfigurationName = Release;
		};
		631272FC29BB115A00CC1B0F /* Build configuration list for PBXNativeTarget "ChatSolutionSample" */ = {
			isa = XCConfigurationList;
			buildConfigurations = (
				631272FD29BB115A00CC1B0F /* Debug */,
				631272FE29BB115A00CC1B0F /* Release */,
			);
			defaultConfigurationIsVisible = 0;
			defaultConfigurationName = Release;
		};
/* End XCConfigurationList section */

/* Begin XCVersionGroup section */
		631272F129BB115900CC1B0F /* ChatSolutionSample.xcdatamodeld */ = {
			isa = XCVersionGroup;
			children = (
				631272F229BB115900CC1B0F /* ChatSolutionSample.xcdatamodel */,
			);
			currentVersion = 631272F229BB115900CC1B0F /* ChatSolutionSample.xcdatamodel */;
			path = ChatSolutionSample.xcdatamodeld;
			sourceTree = "<group>";
			versionGroupType = wrapper.xcdatamodel;
		};
/* End XCVersionGroup section */
	};
	rootObject = 631272DD29BB115900CC1B0F /* Project object */;
}
